
Microsoft Visual Studio Solution File, Format Version 12.00
# Visual Studio 2012
Project("{FAE04EC0-301F-11D3-BF4B-00C04F79EFBC}") = "Memo4.0_installer", "Memo4.0_installer\Memo4.0_installer.csproj", "{BEE039AF-5599-45DE-9553-DF719F576E78}"
EndProject
Global
	GlobalSection(SolutionConfigurationPlatforms) = preSolution
		Debug|Any CPU = Debug|Any CPU
		Release|Any CPU = Release|Any CPU
	EndGlobalSection
	GlobalSection(ProjectConfigurationPlatforms) = postSolution
		{BEE039AF-5599-45DE-9553-DF719F576E78}.Debug|Any CPU.ActiveCfg = Debug|Any CPU
		{BEE039AF-5599-45DE-9553-DF719F576E78}.Debug|Any CPU.Build.0 = Debug|Any CPU
		{BEE039AF-5599-45DE-9553-DF719F576E78}.Release|Any CPU.ActiveCfg = Release|Any CPU
		{BEE039AF-5599-45DE-9553-DF719F576E78}.Release|Any CPU.Build.0 = Release|Any CPU
	EndGlobalSection
	GlobalSection(SolutionProperties) = preSolution
		HideSolutionNode = FALSE
	EndGlobalSection
EndGlobal
